
Microsoft Visual Studio Solution File, Format Version 12.00
# Visual Studio 14
VisualStudioVersion = 14.0.24720.0
MinimumVisualStudioVersion = 10.0.40219.1
Project("{FAE04EC0-301F-11D3-BF4B-00C04F79EFBC}") = "secdev-mvc", "secdev-mvc\secdev-mvc.csproj", "{71CE9F31-5B3A-4CF7-9122-D3C8F24F2460}"
EndProject
Project("{FAE04EC0-301F-11D3-BF4B-00C04F79EFBC}") = "secdev-mvc.tests", "secdev-mvc.tests\secdev-mvc.tests.csproj", "{B0235F15-44F7-42D0-95C5-F7F91C473827}"
EndProject
Global
	GlobalSection(SolutionConfigurationPlatforms) = preSolution
		Debug|Any CPU = Debug|Any CPU
		Release|Any CPU = Release|Any CPU
	EndGlobalSection
	GlobalSection(ProjectConfigurationPlatforms) = postSolution
		{71CE9F31-5B3A-4CF7-9122-D3C8F24F2460}.Debug|Any CPU.ActiveCfg = Debug|Any CPU
		{71CE9F31-5B3A-4CF7-9122-D3C8F24F2460}.Debug|Any CPU.Build.0 = Debug|Any CPU
		{71CE9F31-5B3A-4CF7-9122-D3C8F24F2460}.Release|Any CPU.ActiveCfg = Release|Any CPU
		{71CE9F31-5B3A-4CF7-9122-D3C8F24F2460}.Release|Any CPU.Build.0 = Release|Any CPU
		{B0235F15-44F7-42D0-95C5-F7F91C473827}.Debug|Any CPU.ActiveCfg = Debug|Any CPU
		{B0235F15-44F7-42D0-95C5-F7F91C473827}.Debug|Any CPU.Build.0 = Debug|Any CPU
		{B0235F15-44F7-42D0-95C5-F7F91C473827}.Release|Any CPU.ActiveCfg = Release|Any CPU
		{B0235F15-44F7-42D0-95C5-F7F91C473827}.Release|Any CPU.Build.0 = Release|Any CPU
	EndGlobalSection
	GlobalSection(SolutionProperties) = preSolution
		HideSolutionNode = FALSE
	EndGlobalSection
EndGlobal
